
Microsoft Visual Studio Solution File, Format Version 12.00
# Visual Studio Version 16
VisualStudioVersion = 16.0.34601.136
MinimumVisualStudioVersion = 10.0.40219.1
Project("{FAE04EC0-301F-11D3-BF4B-00C04F79EFBC}") = "OgrenciBilgiKayit", "OgrenciBilgiKayit\OgrenciBilgiKayit.csproj", "{0F384915-5641-4501-8615-5DB408504886}"
EndProject
Global
	GlobalSection(SolutionConfigurationPlatforms) = preSolution
		Debug|Any CPU = Debug|Any CPU
		Release|Any CPU = Release|Any CPU
	EndGlobalSection
	GlobalSection(ProjectConfigurationPlatforms) = postSolution
		{0F384915-5641-4501-8615-5DB408504886}.Debug|Any CPU.ActiveCfg = Debug|Any CPU
		{0F384915-5641-4501-8615-5DB408504886}.Debug|Any CPU.Build.0 = Debug|Any CPU
		{0F384915-5641-4501-8615-5DB408504886}.Release|Any CPU.ActiveCfg = Release|Any CPU
		{0F384915-5641-4501-8615-5DB408504886}.Release|Any CPU.Build.0 = Release|Any CPU
	EndGlobalSection
	GlobalSection(SolutionProperties) = preSolution
		HideSolutionNode = FALSE
	EndGlobalSection
	GlobalSection(ExtensibilityGlobals) = postSolution
		SolutionGuid = {D9E600D2-04AF-4227-B206-2F316C1824E6}
	EndGlobalSection
EndGlobal
